
Microsoft Visual Studio Solution File, Format Version 12.00
# Visual Studio Version 16
VisualStudioVersion = 16.0.31613.86
MinimumVisualStudioVersion = 10.0.40219.1
Project("{FAE04EC0-301F-11D3-BF4B-00C04F79EFBC}") = "Hangman2", "Hangman2\Hangman2.csproj", "{ED7FD77E-D4DB-471F-96C1-B3A264AFE0A2}"
EndProject
Global
	GlobalSection(SolutionConfigurationPlatforms) = preSolution
		Debug|Any CPU = Debug|Any CPU
		Release|Any CPU = Release|Any CPU
	EndGlobalSection
	GlobalSection(ProjectConfigurationPlatforms) = postSolution
		{ED7FD77E-D4DB-471F-96C1-B3A264AFE0A2}.Debug|Any CPU.ActiveCfg = Debug|Any CPU
		{ED7FD77E-D4DB-471F-96C1-B3A264AFE0A2}.Debug|Any CPU.Build.0 = Debug|Any CPU
		{ED7FD77E-D4DB-471F-96C1-B3A264AFE0A2}.Release|Any CPU.ActiveCfg = Release|Any CPU
		{ED7FD77E-D4DB-471F-96C1-B3A264AFE0A2}.Release|Any CPU.Build.0 = Release|Any CPU
	EndGlobalSection
	GlobalSection(SolutionProperties) = preSolution
		HideSolutionNode = FALSE
	EndGlobalSection
	GlobalSection(ExtensibilityGlobals) = postSolution
		SolutionGuid = {4888126B-3696-4EBD-B987-9D54DF1E1E79}
	EndGlobalSection
EndGlobal
